<?xml version="1.0" encoding="utf-8"?>
<Project ToolsVersion="4.0" xmlns="http://schemas.microsoft.com/developer/msbuild/2003">
  <ItemGroup>
    <Filter Include="Source Files">
      <UniqueIdentifier>{E9C7FDCE-D52A-8D73-7EB0-C5296AF258F6}</UniqueIdentifier>
    </Filter>
  </ItemGroup>
  <ItemGroup>
    <ClCompile Include="..\tiltgame\src\worldView.cpp">
      <Filter>Source Files</Filter>
    </ClCompile>
    <ClCompile Include="..\tiltgame\src\background.cpp">
      <Filter>Source Files</Filter>
    </ClCompile>
    <ClCompile Include="..\tiltgame\src\controller.cpp">
      <Filter>Source Files</Filter>
    </ClCompile>
    <ClCompile Include="..\tiltgame\src\enemyEntity.cpp">
      <Filter>Source Files</Filter>
    </ClCompile>
    <ClCompile Include="..\tiltgame\src\entity.cpp">
      <Filter>Source Files</Filter>
    </ClCompile>
    <ClCompile Include="..\tiltgame\src\gameView.cpp">
      <Filter>Source Files</Filter>
    </ClCompile>
    <ClCompile Include="..\tiltgame\src\playerEntity.cpp">
      <Filter>Source Files</Filter>
    </ClCompile>
    <ClCompile Include="..\tiltgame\src\pubSub.cpp">
      <Filter>Source Files</Filter>
    </ClCompile>
    <ClCompile Include="..\tiltgame\src\textures.cpp">
      <Filter>Source Files</Filter>
    </ClCompile>
    <ClCompile Include="..\tiltgame\src\world.cpp">
      <Filter>Source Files</Filter>
    </ClCompile>
    <ClCompile Include="..\tiltgame\src\Upgrades\damage.cpp">
      <Filter>Source Files</Filter>
    </ClCompile>
    <ClCompile Include="..\tiltgame\src\Upgrades\health.cpp">
      <Filter>Source Files</Filter>
    </ClCompile>
    <ClCompile Include="..\tiltgame\src\Upgrades\movement.cpp">
      <Filter>Source Files</Filter>
    </ClCompile>
    <ClCompile Include="..\tiltgame\src\Upgrades\portalEntity.cpp">
      <Filter>Source Files</Filter>
    </ClCompile>
    <ClCompile Include="..\tiltgame\src\Upgrades\range.cpp">
      <Filter>Source Files</Filter>
    </ClCompile>
  </ItemGroup>
  <ItemGroup>
    <ClInclude Include="..\tiltgame\src\worldView.h">
      <Filter>Source Files</Filter>
    </ClInclude>
    <ClInclude Include="..\tiltgame\src\background.h">
      <Filter>Source Files</Filter>
    </ClInclude>
    <ClInclude Include="..\tiltgame\src\controller.h">
      <Filter>Source Files</Filter>
    </ClInclude>
    <ClInclude Include="..\tiltgame\src\enemyEntity.h">
      <Filter>Source Files</Filter>
    </ClInclude>
    <ClInclude Include="..\tiltgame\src\entity.h">
      <Filter>Source Files</Filter>
    </ClInclude>
    <ClInclude Include="..\tiltgame\src\gameView.h">
      <Filter>Source Files</Filter>
    </ClInclude>
    <ClInclude Include="..\tiltgame\src\playerEntity.h">
      <Filter>Source Files</Filter>
    </ClInclude>
    <ClInclude Include="..\tiltgame\src\pubSub.h">
      <Filter>Source Files</Filter>
    </ClInclude>
    <ClInclude Include="..\tiltgame\src\settings.h">
      <Filter>Source Files</Filter>
    </ClInclude>
    <ClInclude Include="..\tiltgame\src\textures.h">
      <Filter>Source Files</Filter>
    </ClInclude>
    <ClInclude Include="..\tiltgame\src\world.h">
      <Filter>Source Files</Filter>
    </ClInclude>
    <ClInclude Include="..\tiltgame\src\Upgrades\damage.h">
      <Filter>Source Files</Filter>
    </ClInclude>
    <ClInclude Include="..\tiltgame\src\Upgrades\health.h">
      <Filter>Source Files</Filter>
    </ClInclude>
    <ClInclude Include="..\tiltgame\src\Upgrades\movement.h">
      <Filter>Source Files</Filter>
    </ClInclude>
    <ClInclude Include="..\tiltgame\src\Upgrades\portalEntity.h">
      <Filter>Source Files</Filter>
    </ClInclude>
    <ClInclude Include="..\tiltgame\src\Upgrades\range.h">
      <Filter>Source Files</Filter>
    </ClInclude>
  </ItemGroup>
</Project>